{
  "name": "rails",
  "version": "1.0.0",
  "lockfileVersion": 3,
  "requires": true,
  "packages": {
    "": {
      "name": "rails",
      "version": "1.0.0",
      "license": "MIT",
      "dependencies": {
        "recordrtc": "^5.6.2",
        "yarn": "^1.22.22"
      },
      "devDependencies": {
        "@types/recordrtc": "^5.6.14"
      }
    },
    "node_modules/@types/recordrtc": {
      "version": "5.6.14",
      "resolved": "https://registry.npmjs.org/@types/recordrtc/-/recordrtc-5.6.14.tgz",
      "integrity": "sha512-Reiy1sl11xP0r6w8DW3iQjc1BgXFyNC7aDuutysIjpFoqyftbQps9xPA2FoBkfVXpJM61betgYPNt+v65zvMhA==",
      "dev": true
    },
    "node_modules/recordrtc": {
      "version": "5.6.2",
      "resolved": "https://registry.npmjs.org/recordrtc/-/recordrtc-5.6.2.tgz",
      "integrity": "sha512-1QNKKNtl7+KcwD1lyOgP3ZlbiJ1d0HtXnypUy7yq49xEERxk31PHvE9RCciDrulPCY7WJ+oz0R9hpNxgsIurGQ=="
    },
    "node_modules/yarn": {
      "version": "1.22.22",
      "resolved": "https://registry.npmjs.org/yarn/-/yarn-1.22.22.tgz",
      "integrity": "sha512-prL3kGtyG7o9Z9Sv8IPfBNrWTDmXB4Qbes8A9rEzt6wkJV8mUvoirjU0Mp3GGAU06Y0XQyA3/2/RQFVuK7MTfg==",
      "hasInstallScript": true,
      "bin": {
        "yarn": "bin/yarn.js",
        "yarnpkg": "bin/yarn.js"
      },
      "engines": {
        "node": ">=4.0.0"
      }
    }
  }
}
