# THIS IS AN AUTOGENERATED FILE. DO NOT EDIT THIS FILE DIRECTLY.
# yarn lockfile v1


"@types/recordrtc@^5.6.14":
  version "5.6.14"
  resolved "https://registry.npmjs.org/@types/recordrtc/-/recordrtc-5.6.14.tgz"
  integrity sha512-Reiy1sl11xP0r6w8DW3iQjc1BgXFyNC7aDuutysIjpFoqyftbQps9xPA2FoBkfVXpJM61betgYPNt+v65zvMhA==

jquery@^3.7.1:
  version "3.7.1"
  resolved "https://registry.yarnpkg.com/jquery/-/jquery-3.7.1.tgz#083ef98927c9a6a74d05a6af02806566d16274de"
  integrity sha512-m4avr8yL8kmFN8psrbFFFmB/If14iN5o9nw/NgnnM+kybDJpRsAynV2BsfpTYrTRysYUdADVD7CkUUizgkpLfg==

recordrtc@^5.6.2:
  version "5.6.2"
  resolved "https://registry.npmjs.org/recordrtc/-/recordrtc-5.6.2.tgz"
  integrity sha512-1QNKKNtl7+KcwD1lyOgP3ZlbiJ1d0HtXnypUy7yq49xEERxk31PHvE9RCciDrulPCY7WJ+oz0R9hpNxgsIurGQ==

yarn@^1.22.22:
  version "1.22.22"
  resolved "https://registry.npmjs.org/yarn/-/yarn-1.22.22.tgz"
  integrity sha512-prL3kGtyG7o9Z9Sv8IPfBNrWTDmXB4Qbes8A9rEzt6wkJV8mUvoirjU0Mp3GGAU06Y0XQyA3/2/RQFVuK7MTfg==
